
Microsoft Visual Studio Solution File, Format Version 12.00
# Visual Studio Version 17
VisualStudioVersion = 17.1.32210.238
MinimumVisualStudioVersion = 10.0.40219.1
Project("{9A19103F-16F7-4668-BE54-9A1E7A4F7556}") = "Api", "src\api\Api.csproj", "{1D6F394A-4C53-4C23-AA59-F87E7B732BC8}"
EndProject
Project("{9A19103F-16F7-4668-BE54-9A1E7A4F7556}") = "Core", "src\core\Core.csproj", "{C27E3526-492D-41BF-93D1-2545BA9A8619}"
EndProject
Project("{9A19103F-16F7-4668-BE54-9A1E7A4F7556}") = "DockerEngineOperator", "src\docker-engine\DockerEngineOperator.csproj", "{10CC01B5-5F18-4E72-949D-E22ACA045242}"
EndProject
Project("{9A19103F-16F7-4668-BE54-9A1E7A4F7556}") = "sitecore-cli", "src\sitecore-cli\sitecore-cli.csproj", "{14844EC5-AAD7-4928-9F72-62A5ED37CD25}"
EndProject
Global
	GlobalSection(SolutionConfigurationPlatforms) = preSolution
		Debug|Any CPU = Debug|Any CPU
		Release|Any CPU = Release|Any CPU
	EndGlobalSection
	GlobalSection(ProjectConfigurationPlatforms) = postSolution
		{1D6F394A-4C53-4C23-AA59-F87E7B732BC8}.Debug|Any CPU.ActiveCfg = Debug|Any CPU
		{1D6F394A-4C53-4C23-AA59-F87E7B732BC8}.Debug|Any CPU.Build.0 = Debug|Any CPU
		{1D6F394A-4C53-4C23-AA59-F87E7B732BC8}.Release|Any CPU.ActiveCfg = Release|Any CPU
		{1D6F394A-4C53-4C23-AA59-F87E7B732BC8}.Release|Any CPU.Build.0 = Release|Any CPU
		{C27E3526-492D-41BF-93D1-2545BA9A8619}.Debug|Any CPU.ActiveCfg = Debug|Any CPU
		{C27E3526-492D-41BF-93D1-2545BA9A8619}.Debug|Any CPU.Build.0 = Debug|Any CPU
		{C27E3526-492D-41BF-93D1-2545BA9A8619}.Release|Any CPU.ActiveCfg = Release|Any CPU
		{C27E3526-492D-41BF-93D1-2545BA9A8619}.Release|Any CPU.Build.0 = Release|Any CPU
		{10CC01B5-5F18-4E72-949D-E22ACA045242}.Debug|Any CPU.ActiveCfg = Debug|Any CPU
		{10CC01B5-5F18-4E72-949D-E22ACA045242}.Debug|Any CPU.Build.0 = Debug|Any CPU
		{10CC01B5-5F18-4E72-949D-E22ACA045242}.Release|Any CPU.ActiveCfg = Release|Any CPU
		{10CC01B5-5F18-4E72-949D-E22ACA045242}.Release|Any CPU.Build.0 = Release|Any CPU
		{14844EC5-AAD7-4928-9F72-62A5ED37CD25}.Debug|Any CPU.ActiveCfg = Debug|Any CPU
		{14844EC5-AAD7-4928-9F72-62A5ED37CD25}.Debug|Any CPU.Build.0 = Debug|Any CPU
		{14844EC5-AAD7-4928-9F72-62A5ED37CD25}.Release|Any CPU.ActiveCfg = Release|Any CPU
		{14844EC5-AAD7-4928-9F72-62A5ED37CD25}.Release|Any CPU.Build.0 = Release|Any CPU
	EndGlobalSection
	GlobalSection(SolutionProperties) = preSolution
		HideSolutionNode = FALSE
	EndGlobalSection
	GlobalSection(ExtensibilityGlobals) = postSolution
		SolutionGuid = {A57987ED-0520-4FC2-ABDA-D241BA9CD037}
	EndGlobalSection
EndGlobal
