---
ID: "b69f0620-8f79-44c5-8fc9-fb39c1f9d0b3"
Parent: "f82d9a6e-ee2a-44a8-bd51-3869ca646049"
Template: "ab86861a-6030-46c5-b394-e8f99e8b87db"
Path: /sitecore/templates/Project/ExampleApp/Content Block
SharedFields:
- ID: "06d5295c-ed2f-4a54-9bf2-26228d113318"
  Hint: __Icon
  Value: Applications/16x16/document.png
- ID: "12c33f3f-86c5-43a5-aeb4-5598cec45116"
  Hint: __Base template
  Value: "{1930BBEB-7805-471A-A3BE-4858AC7CF696}"
- ID: "b03569b1-1534-43f2-8c83-bd064b7d782c"
  Hint: __Renderers
  Value: 
- ID: "dec8d2d5-e3cf-48b6-a653-8e69e2716641"
  Hint: __Security
  Value: 
- ID: "f7d48a55-2158-4f02-9356-756654404f73"
  Hint: __Standard values
  Value: "{27C17540-CC74-4EC0-A80B-3A3464C13938}"
Languages:
- Language: en
  Fields:
  - ID: "9541e67d-ce8c-4225-803d-33f7f29f09ef"
    Hint: __Short description
    Value: 
  Versions:
  - Version: 1
    Fields:
    - ID: "25bed78c-4957-4165-998a-ca1b52f67497"
      Hint: __Created
      Value: 20080328T085900
    - ID: "5dd74568-4d4b-44c1-b513-0af5f4cda34f"
      Hint: __Created by
      Value: |
        sitecore\Admin
    - ID: "8cdc337e-a112-42fb-bbb4-4143751e123f"
      Hint: __Revision
      Value: "a6a4bed4-a960-439e-ac25-ce181bef77f1"
    - ID: "badd9cf9-53e0-4d0c-bcc0-2d784c282f6a"
      Hint: __Updated by
      Value: |
        sitecore\Admin
    - ID: "d9cf14b1-fa16-4ba6-9288-e8a174d4d522"
      Hint: __Updated
      Value: 20200619T175644Z
